
Microsoft Visual Studio Solution File, Format Version 12.00
# Visual Studio 15
VisualStudioVersion = 15.0.27130.2027
MinimumVisualStudioVersion = 10.0.40219.1
Project("{00D1A9C2-B5F0-4AF3-8072-F6C62B433612}") = "AspNetUserProfileParser", "AspNetUserProfileParser\AspNetUserProfileParser.sqlproj", "{1EB4EC2B-842D-4E57-8723-C59B64CBFE45}"
EndProject
Project("{FAE04EC0-301F-11D3-BF4B-00C04F79EFBC}") = "AspNetUserProfileParser.Test", "AspNetUserProfileParser.Test\AspNetUserProfileParser.Test.csproj", "{BA83F5BE-51A6-43D8-BE5C-E61B86008BAE}"
EndProject
Global
	GlobalSection(SolutionConfigurationPlatforms) = preSolution
		Debug|Any CPU = Debug|Any CPU
		Release|Any CPU = Release|Any CPU
	EndGlobalSection
	GlobalSection(ProjectConfigurationPlatforms) = postSolution
		{1EB4EC2B-842D-4E57-8723-C59B64CBFE45}.Debug|Any CPU.ActiveCfg = Debug|Any CPU
		{1EB4EC2B-842D-4E57-8723-C59B64CBFE45}.Debug|Any CPU.Build.0 = Debug|Any CPU
		{1EB4EC2B-842D-4E57-8723-C59B64CBFE45}.Debug|Any CPU.Deploy.0 = Debug|Any CPU
		{1EB4EC2B-842D-4E57-8723-C59B64CBFE45}.Release|Any CPU.ActiveCfg = Release|Any CPU
		{1EB4EC2B-842D-4E57-8723-C59B64CBFE45}.Release|Any CPU.Build.0 = Release|Any CPU
		{1EB4EC2B-842D-4E57-8723-C59B64CBFE45}.Release|Any CPU.Deploy.0 = Release|Any CPU
		{BA83F5BE-51A6-43D8-BE5C-E61B86008BAE}.Debug|Any CPU.ActiveCfg = Debug|Any CPU
		{BA83F5BE-51A6-43D8-BE5C-E61B86008BAE}.Debug|Any CPU.Build.0 = Debug|Any CPU
		{BA83F5BE-51A6-43D8-BE5C-E61B86008BAE}.Release|Any CPU.ActiveCfg = Release|Any CPU
		{BA83F5BE-51A6-43D8-BE5C-E61B86008BAE}.Release|Any CPU.Build.0 = Release|Any CPU
	EndGlobalSection
	GlobalSection(SolutionProperties) = preSolution
		HideSolutionNode = FALSE
	EndGlobalSection
	GlobalSection(ExtensibilityGlobals) = postSolution
		SolutionGuid = {020D3AA8-9D38-4634-8E9B-1A55B2F89AD7}
	EndGlobalSection
EndGlobal
